
Microsoft Visual Studio Solution File, Format Version 12.00
# Visual Studio 15
VisualStudioVersion = 15.0.28307.489
MinimumVisualStudioVersion = 10.0.40219.1
Project("{8BC9CEB8-8B4A-11D0-8D11-00A0C91BC942}") = "01_LinkedList", "01_LinkedList\01_LinkedList.vcxproj", "{47279CB5-9425-4D7E-856F-A9EF35F677E3}"
EndProject
Project("{8BC9CEB8-8B4A-11D0-8D11-00A0C91BC942}") = "02_DoublyLinkedList", "02_DoublyLinkedList\02_DoublyLinkedList.vcxproj", "{A3300035-3192-49CC-9263-78FA1C00FE25}"
EndProject
Project("{8BC9CEB8-8B4A-11D0-8D11-00A0C91BC942}") = "03_CircleDoublyLinkedList", "03_CircleDoublyLinkedList\03_CircleDoublyLinkedList.vcxproj", "{ABD4A578-7264-49D6-AD29-8EBE96FC489C}"
EndProject
Project("{8BC9CEB8-8B4A-11D0-8D11-00A0C91BC942}") = "04_ArrayStack", "04_ArrayStack\04_ArrayStack.vcxproj", "{98EE58FD-7F05-4F42-B0F7-F57664E2518E}"
EndProject
Project("{2150E333-8FDC-42A3-9474-1A3956D46DE8}") = "DataStruct", "DataStruct", "{66AE2FCB-F058-46A9-8269-945F5589E05A}"
EndProject
Project("{8BC9CEB8-8B4A-11D0-8D11-00A0C91BC942}") = "05_LinkedListStack", "05_LinkedListStack\05_LinkedListStack.vcxproj", "{816E001E-B0EF-41F6-9DFE-16D5B3ED9B6D}"
EndProject
Project("{8BC9CEB8-8B4A-11D0-8D11-00A0C91BC942}") = "06_Calculator", "06_Calculator\06_Calculator.vcxproj", "{DF011FF5-BE04-4AD0-9062-E235B18A1776}"
EndProject
Project("{8BC9CEB8-8B4A-11D0-8D11-00A0C91BC942}") = "07_CircularQueue", "07_CircularQueue\07_CircularQueue.vcxproj", "{56F59D13-EA56-477E-8BFF-7A97638BABEC}"
EndProject
Project("{8BC9CEB8-8B4A-11D0-8D11-00A0C91BC942}") = "08_LinkedQueue", "08_LinkedQueue\08_LinkedQueue.vcxproj", "{86C6E21D-C25E-494C-8CA2-7D7DD9A51B76}"
EndProject
Project("{8BC9CEB8-8B4A-11D0-8D11-00A0C91BC942}") = "09_LCRTree", "09_LCRTree\09_LCRTree.vcxproj", "{A8E77204-A429-45B1-8875-69431A5E4F3D}"
EndProject
Project("{8BC9CEB8-8B4A-11D0-8D11-00A0C91BC942}") = "10_BinaryTree", "10_BinaryTree\10_BinaryTree.vcxproj", "{895AED3C-6566-4CED-8AED-D568CC6FD7BB}"
EndProject
Project("{8BC9CEB8-8B4A-11D0-8D11-00A0C91BC942}") = "11_ExpressionTree", "11_ExpressionTree\11_ExpressionTree.vcxproj", "{BFCDED49-929E-440A-8107-E11F524CF5D5}"
EndProject
Project("{8BC9CEB8-8B4A-11D0-8D11-00A0C91BC942}") = "12_InsertionSort", "12_InsertionSort\12_InsertionSort.vcxproj", "{FD413FC2-D233-4FF5-B1DC-E6A1124478D2}"
EndProject
Project("{8BC9CEB8-8B4A-11D0-8D11-00A0C91BC942}") = "13_QuickSort", "13_QuickSort\13_QuickSort.vcxproj", "{C810B601-6BF1-46C6-B931-BD7343802EB9}"
EndProject
Project("{2150E333-8FDC-42A3-9474-1A3956D46DE8}") = "Algorithm", "Algorithm", "{28353D01-0964-4FAC-A6FE-60AB42D9C901}"
EndProject
Project("{8BC9CEB8-8B4A-11D0-8D11-00A0C91BC942}") = "01_MoveToFrontMethod", "01_MoveToFrontMethod\01_MoveToFrontMethod.vcxproj", "{BE619B14-52A7-44B9-80A8-6CD1A1A28A16}"
EndProject
Project("{8BC9CEB8-8B4A-11D0-8D11-00A0C91BC942}") = "02_TransposeMethod", "02_TransposeMethod\02_TransposeMethod.vcxproj", "{8E86A04A-B9FD-494A-AE41-270FAF99FAF4}"
EndProject
Project("{8BC9CEB8-8B4A-11D0-8D11-00A0C91BC942}") = "03_LinkedListMoveToFrontMethod", "03_LinkedListMoveToFrontMethod\03_LinkedListMoveToFrontMethod.vcxproj", "{D50DC05D-7544-4287-9E4C-CB97088E9B4C}"
EndProject
Project("{8BC9CEB8-8B4A-11D0-8D11-00A0C91BC942}") = "04_LinkedLsitTransposeMethod", "04_LinkedLsitTransposeMethod\04_LinkedLsitTransposeMethod.vcxproj", "{DD9148C4-F62F-469B-8E34-14EB3EE5C32D}"
EndProject
Project("{8BC9CEB8-8B4A-11D0-8D11-00A0C91BC942}") = "05_BinarySearch_Score", "05_BinarySearch_Score\05_BinarySearch_Score.vcxproj", "{8019F094-6CC6-4DCF-878B-912E68A278B5}"
EndProject
Project("{8BC9CEB8-8B4A-11D0-8D11-00A0C91BC942}") = "06_BinarySeachTree", "06_BinarySeachTree\06_BinarySeachTree.vcxproj", "{8AE42724-A746-41F2-8010-3E338E7581B6}"
EndProject
Project("{8BC9CEB8-8B4A-11D0-8D11-00A0C91BC942}") = "07_RedBlackTree", "07_RedBlackTree\07_RedBlackTree.vcxproj", "{E7016431-89E3-4070-834E-DB2BF996E9AE}"
EndProject
Project("{8BC9CEB8-8B4A-11D0-8D11-00A0C91BC942}") = "08_PriorityQueue", "08_PriorityQueue\08_PriorityQueue.vcxproj", "{2389157B-116F-48C0-899D-BC31EA347162}"
EndProject
Project("{8BC9CEB8-8B4A-11D0-8D11-00A0C91BC942}") = "09_Heap", "09_Heap\09_Heap.vcxproj", "{C6C5D9ED-2B9B-48E5-8D41-F34CB9D37366}"
EndProject
Project("{8BC9CEB8-8B4A-11D0-8D11-00A0C91BC942}") = "10_PriorityQueue", "10_PriorityQueue\10_PriorityQueue.vcxproj", "{8EBB072B-9709-4528-BA69-4014281303D9}"
EndProject
Project("{8BC9CEB8-8B4A-11D0-8D11-00A0C91BC942}") = "11_NodePriorityQueue", "11_NodePriorityQueue\11_NodePriorityQueue.vcxproj", "{256881B0-ACF8-4FE9-BBCE-C164AE39E3EC}"
EndProject
Project("{8BC9CEB8-8B4A-11D0-8D11-00A0C91BC942}") = "12_SimpleHashTable", "12_SimpleHashTable\12_SimpleHashTable.vcxproj", "{2E3B15F8-1378-4271-ACE8-4AFE8E4614DD}"
EndProject
Project("{8BC9CEB8-8B4A-11D0-8D11-00A0C91BC942}") = "13.Chaining", "13.Chaining\13.Chaining.vcxproj", "{8B04D8F2-6039-407E-8591-FC2E5DCF9160}"
EndProject
Project("{8BC9CEB8-8B4A-11D0-8D11-00A0C91BC942}") = "14_OpenAddressing", "14_OpenAddressing\14_OpenAddressing.vcxproj", "{008F08D1-2AC6-4E8C-90D9-A2CE57E19BF6}"
EndProject
Project("{8BC9CEB8-8B4A-11D0-8D11-00A0C91BC942}") = "15_Graph", "15_Graph\15_Graph.vcxproj", "{DD971388-5B02-437D-A1C2-E25569716841}"
EndProject
Project("{8BC9CEB8-8B4A-11D0-8D11-00A0C91BC942}") = "16_GraphTraversal", "16_GraphTraversal\16_GraphTraversal.vcxproj", "{205F001E-9E46-41C3-95AD-C0962502E002}"
EndProject
Project("{8BC9CEB8-8B4A-11D0-8D11-00A0C91BC942}") = "17_TopologicalSort", "17_TopologicalSort\17_TopologicalSort.vcxproj", "{31C1400C-47F8-4C0E-BA8E-151385598358}"
EndProject
Project("{8BC9CEB8-8B4A-11D0-8D11-00A0C91BC942}") = "18_MinimumSpanningTree", "18_MinimumSpanningTree\18_MinimumSpanningTree.vcxproj", "{59CCE440-2E08-4D53-BA6D-228777F5EC59}"
EndProject
Project("{8BC9CEB8-8B4A-11D0-8D11-00A0C91BC942}") = "19_ShortestPath", "19_ShortestPath\19_ShortestPath.vcxproj", "{8798F02A-8E18-4687-BA8E-1C92EA96E0B8}"
EndProject
Project("{8BC9CEB8-8B4A-11D0-8D11-00A0C91BC942}") = "20_BruteForce", "20_BruteForce\20_BruteForce.vcxproj", "{00EC6426-5693-4016-A2D0-3939F68BA0CB}"
EndProject
Project("{8BC9CEB8-8B4A-11D0-8D11-00A0C91BC942}") = "21_KarpRabin", "21_KarpRabin\21_KarpRabin.vcxproj", "{72DF65EA-8133-4475-BEEA-538933D7730F}"
EndProject
Project("{8BC9CEB8-8B4A-11D0-8D11-00A0C91BC942}") = "22_KnuthMorrisPratt", "22_KnuthMorrisPratt\22_KnuthMorrisPratt.vcxproj", "{97E5B7B5-D297-4B87-8893-5A4297943A27}"
EndProject
Project("{8BC9CEB8-8B4A-11D0-8D11-00A0C91BC942}") = "23_MergeSort", "23_MergeSort\23_MergeSort.vcxproj", "{C8473D6C-D68E-481B-AA9A-38F53476A695}"
EndProject
Project("{8BC9CEB8-8B4A-11D0-8D11-00A0C91BC942}") = "24_FibonacciDP", "24_FibonacciDP\24_FibonacciDP.vcxproj", "{09D9F72B-D631-4876-9C5D-A50DC6FE4AD5}"
EndProject
Project("{8BC9CEB8-8B4A-11D0-8D11-00A0C91BC942}") = "25_LCSAlgorithm", "25_LCSAlgorithm\25_LCSAlgorithm.vcxproj", "{273550CA-7E9D-4738-9EB8-B9C3867BB2DB}"
EndProject
Global
	GlobalSection(SolutionConfigurationPlatforms) = preSolution
		Debug|x64 = Debug|x64
		Debug|x86 = Debug|x86
		Release|x64 = Release|x64
		Release|x86 = Release|x86
	EndGlobalSection
	GlobalSection(ProjectConfigurationPlatforms) = postSolution
		{47279CB5-9425-4D7E-856F-A9EF35F677E3}.Debug|x64.ActiveCfg = Debug|x64
		{47279CB5-9425-4D7E-856F-A9EF35F677E3}.Debug|x64.Build.0 = Debug|x64
		{47279CB5-9425-4D7E-856F-A9EF35F677E3}.Debug|x86.ActiveCfg = Debug|Win32
		{47279CB5-9425-4D7E-856F-A9EF35F677E3}.Debug|x86.Build.0 = Debug|Win32
		{47279CB5-9425-4D7E-856F-A9EF35F677E3}.Release|x64.ActiveCfg = Release|x64
		{47279CB5-9425-4D7E-856F-A9EF35F677E3}.Release|x64.Build.0 = Release|x64
		{47279CB5-9425-4D7E-856F-A9EF35F677E3}.Release|x86.ActiveCfg = Release|Win32
		{47279CB5-9425-4D7E-856F-A9EF35F677E3}.Release|x86.Build.0 = Release|Win32
		{A3300035-3192-49CC-9263-78FA1C00FE25}.Debug|x64.ActiveCfg = Debug|x64
		{A3300035-3192-49CC-9263-78FA1C00FE25}.Debug|x64.Build.0 = Debug|x64
		{A3300035-3192-49CC-9263-78FA1C00FE25}.Debug|x86.ActiveCfg = Debug|Win32
		{A3300035-3192-49CC-9263-78FA1C00FE25}.Debug|x86.Build.0 = Debug|Win32
		{A3300035-3192-49CC-9263-78FA1C00FE25}.Release|x64.ActiveCfg = Release|x64
		{A3300035-3192-49CC-9263-78FA1C00FE25}.Release|x64.Build.0 = Release|x64
		{A3300035-3192-49CC-9263-78FA1C00FE25}.Release|x86.ActiveCfg = Release|Win32
		{A3300035-3192-49CC-9263-78FA1C00FE25}.Release|x86.Build.0 = Release|Win32
		{ABD4A578-7264-49D6-AD29-8EBE96FC489C}.Debug|x64.ActiveCfg = Debug|x64
		{ABD4A578-7264-49D6-AD29-8EBE96FC489C}.Debug|x64.Build.0 = Debug|x64
		{ABD4A578-7264-49D6-AD29-8EBE96FC489C}.Debug|x86.ActiveCfg = Debug|Win32
		{ABD4A578-7264-49D6-AD29-8EBE96FC489C}.Debug|x86.Build.0 = Debug|Win32
		{ABD4A578-7264-49D6-AD29-8EBE96FC489C}.Release|x64.ActiveCfg = Release|x64
		{ABD4A578-7264-49D6-AD29-8EBE96FC489C}.Release|x64.Build.0 = Release|x64
		{ABD4A578-7264-49D6-AD29-8EBE96FC489C}.Release|x86.ActiveCfg = Release|Win32
		{ABD4A578-7264-49D6-AD29-8EBE96FC489C}.Release|x86.Build.0 = Release|Win32
		{98EE58FD-7F05-4F42-B0F7-F57664E2518E}.Debug|x64.ActiveCfg = Debug|x64
		{98EE58FD-7F05-4F42-B0F7-F57664E2518E}.Debug|x64.Build.0 = Debug|x64
		{98EE58FD-7F05-4F42-B0F7-F57664E2518E}.Debug|x86.ActiveCfg = Debug|Win32
		{98EE58FD-7F05-4F42-B0F7-F57664E2518E}.Debug|x86.Build.0 = Debug|Win32
		{98EE58FD-7F05-4F42-B0F7-F57664E2518E}.Release|x64.ActiveCfg = Release|x64
		{98EE58FD-7F05-4F42-B0F7-F57664E2518E}.Release|x64.Build.0 = Release|x64
		{98EE58FD-7F05-4F42-B0F7-F57664E2518E}.Release|x86.ActiveCfg = Release|Win32
		{98EE58FD-7F05-4F42-B0F7-F57664E2518E}.Release|x86.Build.0 = Release|Win32
		{816E001E-B0EF-41F6-9DFE-16D5B3ED9B6D}.Debug|x64.ActiveCfg = Debug|x64
		{816E001E-B0EF-41F6-9DFE-16D5B3ED9B6D}.Debug|x64.Build.0 = Debug|x64
		{816E001E-B0EF-41F6-9DFE-16D5B3ED9B6D}.Debug|x86.ActiveCfg = Debug|Win32
		{816E001E-B0EF-41F6-9DFE-16D5B3ED9B6D}.Debug|x86.Build.0 = Debug|Win32
		{816E001E-B0EF-41F6-9DFE-16D5B3ED9B6D}.Release|x64.ActiveCfg = Release|x64
		{816E001E-B0EF-41F6-9DFE-16D5B3ED9B6D}.Release|x64.Build.0 = Release|x64
		{816E001E-B0EF-41F6-9DFE-16D5B3ED9B6D}.Release|x86.ActiveCfg = Release|Win32
		{816E001E-B0EF-41F6-9DFE-16D5B3ED9B6D}.Release|x86.Build.0 = Release|Win32
		{DF011FF5-BE04-4AD0-9062-E235B18A1776}.Debug|x64.ActiveCfg = Debug|x64
		{DF011FF5-BE04-4AD0-9062-E235B18A1776}.Debug|x64.Build.0 = Debug|x64
		{DF011FF5-BE04-4AD0-9062-E235B18A1776}.Debug|x86.ActiveCfg = Debug|Win32
		{DF011FF5-BE04-4AD0-9062-E235B18A1776}.Debug|x86.Build.0 = Debug|Win32
		{DF011FF5-BE04-4AD0-9062-E235B18A1776}.Release|x64.ActiveCfg = Release|x64
		{DF011FF5-BE04-4AD0-9062-E235B18A1776}.Release|x64.Build.0 = Release|x64
		{DF011FF5-BE04-4AD0-9062-E235B18A1776}.Release|x86.ActiveCfg = Release|Win32
		{DF011FF5-BE04-4AD0-9062-E235B18A1776}.Release|x86.Build.0 = Release|Win32
		{56F59D13-EA56-477E-8BFF-7A97638BABEC}.Debug|x64.ActiveCfg = Debug|x64
		{56F59D13-EA56-477E-8BFF-7A97638BABEC}.Debug|x64.Build.0 = Debug|x64
		{56F59D13-EA56-477E-8BFF-7A97638BABEC}.Debug|x86.ActiveCfg = Debug|Win32
		{56F59D13-EA56-477E-8BFF-7A97638BABEC}.Debug|x86.Build.0 = Debug|Win32
		{56F59D13-EA56-477E-8BFF-7A97638BABEC}.Release|x64.ActiveCfg = Release|x64
		{56F59D13-EA56-477E-8BFF-7A97638BABEC}.Release|x64.Build.0 = Release|x64
		{56F59D13-EA56-477E-8BFF-7A97638BABEC}.Release|x86.ActiveCfg = Release|Win32
		{56F59D13-EA56-477E-8BFF-7A97638BABEC}.Release|x86.Build.0 = Release|Win32
		{86C6E21D-C25E-494C-8CA2-7D7DD9A51B76}.Debug|x64.ActiveCfg = Debug|x64
		{86C6E21D-C25E-494C-8CA2-7D7DD9A51B76}.Debug|x64.Build.0 = Debug|x64
		{86C6E21D-C25E-494C-8CA2-7D7DD9A51B76}.Debug|x86.ActiveCfg = Debug|Win32
		{86C6E21D-C25E-494C-8CA2-7D7DD9A51B76}.Debug|x86.Build.0 = Debug|Win32
		{86C6E21D-C25E-494C-8CA2-7D7DD9A51B76}.Release|x64.ActiveCfg = Release|x64
		{86C6E21D-C25E-494C-8CA2-7D7DD9A51B76}.Release|x64.Build.0 = Release|x64
		{86C6E21D-C25E-494C-8CA2-7D7DD9A51B76}.Release|x86.ActiveCfg = Release|Win32
		{86C6E21D-C25E-494C-8CA2-7D7DD9A51B76}.Release|x86.Build.0 = Release|Win32
		{A8E77204-A429-45B1-8875-69431A5E4F3D}.Debug|x64.ActiveCfg = Debug|x64
		{A8E77204-A429-45B1-8875-69431A5E4F3D}.Debug|x64.Build.0 = Debug|x64
		{A8E77204-A429-45B1-8875-69431A5E4F3D}.Debug|x86.ActiveCfg = Debug|Win32
		{A8E77204-A429-45B1-8875-69431A5E4F3D}.Debug|x86.Build.0 = Debug|Win32
		{A8E77204-A429-45B1-8875-69431A5E4F3D}.Release|x64.ActiveCfg = Release|x64
		{A8E77204-A429-45B1-8875-69431A5E4F3D}.Release|x64.Build.0 = Release|x64
		{A8E77204-A429-45B1-8875-69431A5E4F3D}.Release|x86.ActiveCfg = Release|Win32
		{A8E77204-A429-45B1-8875-69431A5E4F3D}.Release|x86.Build.0 = Release|Win32
		{895AED3C-6566-4CED-8AED-D568CC6FD7BB}.Debug|x64.ActiveCfg = Debug|x64
		{895AED3C-6566-4CED-8AED-D568CC6FD7BB}.Debug|x64.Build.0 = Debug|x64
		{895AED3C-6566-4CED-8AED-D568CC6FD7BB}.Debug|x86.ActiveCfg = Debug|Win32
		{895AED3C-6566-4CED-8AED-D568CC6FD7BB}.Debug|x86.Build.0 = Debug|Win32
		{895AED3C-6566-4CED-8AED-D568CC6FD7BB}.Release|x64.ActiveCfg = Release|x64
		{895AED3C-6566-4CED-8AED-D568CC6FD7BB}.Release|x64.Build.0 = Release|x64
		{895AED3C-6566-4CED-8AED-D568CC6FD7BB}.Release|x86.ActiveCfg = Release|Win32
		{895AED3C-6566-4CED-8AED-D568CC6FD7BB}.Release|x86.Build.0 = Release|Win32
		{BFCDED49-929E-440A-8107-E11F524CF5D5}.Debug|x64.ActiveCfg = Debug|x64
		{BFCDED49-929E-440A-8107-E11F524CF5D5}.Debug|x64.Build.0 = Debug|x64
		{BFCDED49-929E-440A-8107-E11F524CF5D5}.Debug|x86.ActiveCfg = Debug|Win32
		{BFCDED49-929E-440A-8107-E11F524CF5D5}.Debug|x86.Build.0 = Debug|Win32
		{BFCDED49-929E-440A-8107-E11F524CF5D5}.Release|x64.ActiveCfg = Release|x64
		{BFCDED49-929E-440A-8107-E11F524CF5D5}.Release|x64.Build.0 = Release|x64
		{BFCDED49-929E-440A-8107-E11F524CF5D5}.Release|x86.ActiveCfg = Release|Win32
		{BFCDED49-929E-440A-8107-E11F524CF5D5}.Release|x86.Build.0 = Release|Win32
		{FD413FC2-D233-4FF5-B1DC-E6A1124478D2}.Debug|x64.ActiveCfg = Debug|x64
		{FD413FC2-D233-4FF5-B1DC-E6A1124478D2}.Debug|x64.Build.0 = Debug|x64
		{FD413FC2-D233-4FF5-B1DC-E6A1124478D2}.Debug|x86.ActiveCfg = Debug|Win32
		{FD413FC2-D233-4FF5-B1DC-E6A1124478D2}.Debug|x86.Build.0 = Debug|Win32
		{FD413FC2-D233-4FF5-B1DC-E6A1124478D2}.Release|x64.ActiveCfg = Release|x64
		{FD413FC2-D233-4FF5-B1DC-E6A1124478D2}.Release|x64.Build.0 = Release|x64
		{FD413FC2-D233-4FF5-B1DC-E6A1124478D2}.Release|x86.ActiveCfg = Release|Win32
		{FD413FC2-D233-4FF5-B1DC-E6A1124478D2}.Release|x86.Build.0 = Release|Win32
		{C810B601-6BF1-46C6-B931-BD7343802EB9}.Debug|x64.ActiveCfg = Debug|x64
		{C810B601-6BF1-46C6-B931-BD7343802EB9}.Debug|x64.Build.0 = Debug|x64
		{C810B601-6BF1-46C6-B931-BD7343802EB9}.Debug|x86.ActiveCfg = Debug|Win32
		{C810B601-6BF1-46C6-B931-BD7343802EB9}.Debug|x86.Build.0 = Debug|Win32
		{C810B601-6BF1-46C6-B931-BD7343802EB9}.Release|x64.ActiveCfg = Release|x64
		{C810B601-6BF1-46C6-B931-BD7343802EB9}.Release|x64.Build.0 = Release|x64
		{C810B601-6BF1-46C6-B931-BD7343802EB9}.Release|x86.ActiveCfg = Release|Win32
		{C810B601-6BF1-46C6-B931-BD7343802EB9}.Release|x86.Build.0 = Release|Win32
		{BE619B14-52A7-44B9-80A8-6CD1A1A28A16}.Debug|x64.ActiveCfg = Debug|x64
		{BE619B14-52A7-44B9-80A8-6CD1A1A28A16}.Debug|x64.Build.0 = Debug|x64
		{BE619B14-52A7-44B9-80A8-6CD1A1A28A16}.Debug|x86.ActiveCfg = Debug|Win32
		{BE619B14-52A7-44B9-80A8-6CD1A1A28A16}.Debug|x86.Build.0 = Debug|Win32
		{BE619B14-52A7-44B9-80A8-6CD1A1A28A16}.Release|x64.ActiveCfg = Release|x64
		{BE619B14-52A7-44B9-80A8-6CD1A1A28A16}.Release|x64.Build.0 = Release|x64
		{BE619B14-52A7-44B9-80A8-6CD1A1A28A16}.Release|x86.ActiveCfg = Release|Win32
		{BE619B14-52A7-44B9-80A8-6CD1A1A28A16}.Release|x86.Build.0 = Release|Win32
		{8E86A04A-B9FD-494A-AE41-270FAF99FAF4}.Debug|x64.ActiveCfg = Debug|x64
		{8E86A04A-B9FD-494A-AE41-270FAF99FAF4}.Debug|x64.Build.0 = Debug|x64
		{8E86A04A-B9FD-494A-AE41-270FAF99FAF4}.Debug|x86.ActiveCfg = Debug|Win32
		{8E86A04A-B9FD-494A-AE41-270FAF99FAF4}.Debug|x86.Build.0 = Debug|Win32
		{8E86A04A-B9FD-494A-AE41-270FAF99FAF4}.Release|x64.ActiveCfg = Release|x64
		{8E86A04A-B9FD-494A-AE41-270FAF99FAF4}.Release|x64.Build.0 = Release|x64
		{8E86A04A-B9FD-494A-AE41-270FAF99FAF4}.Release|x86.ActiveCfg = Release|Win32
		{8E86A04A-B9FD-494A-AE41-270FAF99FAF4}.Release|x86.Build.0 = Release|Win32
		{D50DC05D-7544-4287-9E4C-CB97088E9B4C}.Debug|x64.ActiveCfg = Debug|x64
		{D50DC05D-7544-4287-9E4C-CB97088E9B4C}.Debug|x64.Build.0 = Debug|x64
		{D50DC05D-7544-4287-9E4C-CB97088E9B4C}.Debug|x86.ActiveCfg = Debug|Win32
		{D50DC05D-7544-4287-9E4C-CB97088E9B4C}.Debug|x86.Build.0 = Debug|Win32
		{D50DC05D-7544-4287-9E4C-CB97088E9B4C}.Release|x64.ActiveCfg = Release|x64
		{D50DC05D-7544-4287-9E4C-CB97088E9B4C}.Release|x64.Build.0 = Release|x64
		{D50DC05D-7544-4287-9E4C-CB97088E9B4C}.Release|x86.ActiveCfg = Release|Win32
		{D50DC05D-7544-4287-9E4C-CB97088E9B4C}.Release|x86.Build.0 = Release|Win32
		{DD9148C4-F62F-469B-8E34-14EB3EE5C32D}.Debug|x64.ActiveCfg = Debug|x64
		{DD9148C4-F62F-469B-8E34-14EB3EE5C32D}.Debug|x64.Build.0 = Debug|x64
		{DD9148C4-F62F-469B-8E34-14EB3EE5C32D}.Debug|x86.ActiveCfg = Debug|Win32
		{DD9148C4-F62F-469B-8E34-14EB3EE5C32D}.Debug|x86.Build.0 = Debug|Win32
		{DD9148C4-F62F-469B-8E34-14EB3EE5C32D}.Release|x64.ActiveCfg = Release|x64
		{DD9148C4-F62F-469B-8E34-14EB3EE5C32D}.Release|x64.Build.0 = Release|x64
		{DD9148C4-F62F-469B-8E34-14EB3EE5C32D}.Release|x86.ActiveCfg = Release|Win32
		{DD9148C4-F62F-469B-8E34-14EB3EE5C32D}.Release|x86.Build.0 = Release|Win32
		{8019F094-6CC6-4DCF-878B-912E68A278B5}.Debug|x64.ActiveCfg = Debug|x64
		{8019F094-6CC6-4DCF-878B-912E68A278B5}.Debug|x64.Build.0 = Debug|x64
		{8019F094-6CC6-4DCF-878B-912E68A278B5}.Debug|x86.ActiveCfg = Debug|Win32
		{8019F094-6CC6-4DCF-878B-912E68A278B5}.Debug|x86.Build.0 = Debug|Win32
		{8019F094-6CC6-4DCF-878B-912E68A278B5}.Release|x64.ActiveCfg = Release|x64
		{8019F094-6CC6-4DCF-878B-912E68A278B5}.Release|x64.Build.0 = Release|x64
		{8019F094-6CC6-4DCF-878B-912E68A278B5}.Release|x86.ActiveCfg = Release|Win32
		{8019F094-6CC6-4DCF-878B-912E68A278B5}.Release|x86.Build.0 = Release|Win32
		{8AE42724-A746-41F2-8010-3E338E7581B6}.Debug|x64.ActiveCfg = Debug|x64
		{8AE42724-A746-41F2-8010-3E338E7581B6}.Debug|x64.Build.0 = Debug|x64
		{8AE42724-A746-41F2-8010-3E338E7581B6}.Debug|x86.ActiveCfg = Debug|Win32
		{8AE42724-A746-41F2-8010-3E338E7581B6}.Debug|x86.Build.0 = Debug|Win32
		{8AE42724-A746-41F2-8010-3E338E7581B6}.Release|x64.ActiveCfg = Release|x64
		{8AE42724-A746-41F2-8010-3E338E7581B6}.Release|x64.Build.0 = Release|x64
		{8AE42724-A746-41F2-8010-3E338E7581B6}.Release|x86.ActiveCfg = Release|Win32
		{8AE42724-A746-41F2-8010-3E338E7581B6}.Release|x86.Build.0 = Release|Win32
		{E7016431-89E3-4070-834E-DB2BF996E9AE}.Debug|x64.ActiveCfg = Debug|x64
		{E7016431-89E3-4070-834E-DB2BF996E9AE}.Debug|x64.Build.0 = Debug|x64
		{E7016431-89E3-4070-834E-DB2BF996E9AE}.Debug|x86.ActiveCfg = Debug|Win32
		{E7016431-89E3-4070-834E-DB2BF996E9AE}.Debug|x86.Build.0 = Debug|Win32
		{E7016431-89E3-4070-834E-DB2BF996E9AE}.Release|x64.ActiveCfg = Release|x64
		{E7016431-89E3-4070-834E-DB2BF996E9AE}.Release|x64.Build.0 = Release|x64
		{E7016431-89E3-4070-834E-DB2BF996E9AE}.Release|x86.ActiveCfg = Release|Win32
		{E7016431-89E3-4070-834E-DB2BF996E9AE}.Release|x86.Build.0 = Release|Win32
		{2389157B-116F-48C0-899D-BC31EA347162}.Debug|x64.ActiveCfg = Debug|x64
		{2389157B-116F-48C0-899D-BC31EA347162}.Debug|x64.Build.0 = Debug|x64
		{2389157B-116F-48C0-899D-BC31EA347162}.Debug|x86.ActiveCfg = Debug|Win32
		{2389157B-116F-48C0-899D-BC31EA347162}.Debug|x86.Build.0 = Debug|Win32
		{2389157B-116F-48C0-899D-BC31EA347162}.Release|x64.ActiveCfg = Release|x64
		{2389157B-116F-48C0-899D-BC31EA347162}.Release|x64.Build.0 = Release|x64
		{2389157B-116F-48C0-899D-BC31EA347162}.Release|x86.ActiveCfg = Release|Win32
		{2389157B-116F-48C0-899D-BC31EA347162}.Release|x86.Build.0 = Release|Win32
		{C6C5D9ED-2B9B-48E5-8D41-F34CB9D37366}.Debug|x64.ActiveCfg = Debug|x64
		{C6C5D9ED-2B9B-48E5-8D41-F34CB9D37366}.Debug|x64.Build.0 = Debug|x64
		{C6C5D9ED-2B9B-48E5-8D41-F34CB9D37366}.Debug|x86.ActiveCfg = Debug|Win32
		{C6C5D9ED-2B9B-48E5-8D41-F34CB9D37366}.Debug|x86.Build.0 = Debug|Win32
		{C6C5D9ED-2B9B-48E5-8D41-F34CB9D37366}.Release|x64.ActiveCfg = Release|x64
		{C6C5D9ED-2B9B-48E5-8D41-F34CB9D37366}.Release|x64.Build.0 = Release|x64
		{C6C5D9ED-2B9B-48E5-8D41-F34CB9D37366}.Release|x86.ActiveCfg = Release|Win32
		{C6C5D9ED-2B9B-48E5-8D41-F34CB9D37366}.Release|x86.Build.0 = Release|Win32
		{8EBB072B-9709-4528-BA69-4014281303D9}.Debug|x64.ActiveCfg = Debug|x64
		{8EBB072B-9709-4528-BA69-4014281303D9}.Debug|x64.Build.0 = Debug|x64
		{8EBB072B-9709-4528-BA69-4014281303D9}.Debug|x86.ActiveCfg = Debug|Win32
		{8EBB072B-9709-4528-BA69-4014281303D9}.Debug|x86.Build.0 = Debug|Win32
		{8EBB072B-9709-4528-BA69-4014281303D9}.Release|x64.ActiveCfg = Release|x64
		{8EBB072B-9709-4528-BA69-4014281303D9}.Release|x64.Build.0 = Release|x64
		{8EBB072B-9709-4528-BA69-4014281303D9}.Release|x86.ActiveCfg = Release|Win32
		{8EBB072B-9709-4528-BA69-4014281303D9}.Release|x86.Build.0 = Release|Win32
		{256881B0-ACF8-4FE9-BBCE-C164AE39E3EC}.Debug|x64.ActiveCfg = Debug|x64
		{256881B0-ACF8-4FE9-BBCE-C164AE39E3EC}.Debug|x64.Build.0 = Debug|x64
		{256881B0-ACF8-4FE9-BBCE-C164AE39E3EC}.Debug|x86.ActiveCfg = Debug|Win32
		{256881B0-ACF8-4FE9-BBCE-C164AE39E3EC}.Debug|x86.Build.0 = Debug|Win32
		{256881B0-ACF8-4FE9-BBCE-C164AE39E3EC}.Release|x64.ActiveCfg = Release|x64
		{256881B0-ACF8-4FE9-BBCE-C164AE39E3EC}.Release|x64.Build.0 = Release|x64
		{256881B0-ACF8-4FE9-BBCE-C164AE39E3EC}.Release|x86.ActiveCfg = Release|Win32
		{256881B0-ACF8-4FE9-BBCE-C164AE39E3EC}.Release|x86.Build.0 = Release|Win32
		{2E3B15F8-1378-4271-ACE8-4AFE8E4614DD}.Debug|x64.ActiveCfg = Debug|x64
		{2E3B15F8-1378-4271-ACE8-4AFE8E4614DD}.Debug|x64.Build.0 = Debug|x64
		{2E3B15F8-1378-4271-ACE8-4AFE8E4614DD}.Debug|x86.ActiveCfg = Debug|Win32
		{2E3B15F8-1378-4271-ACE8-4AFE8E4614DD}.Debug|x86.Build.0 = Debug|Win32
		{2E3B15F8-1378-4271-ACE8-4AFE8E4614DD}.Release|x64.ActiveCfg = Release|x64
		{2E3B15F8-1378-4271-ACE8-4AFE8E4614DD}.Release|x64.Build.0 = Release|x64
		{2E3B15F8-1378-4271-ACE8-4AFE8E4614DD}.Release|x86.ActiveCfg = Release|Win32
		{2E3B15F8-1378-4271-ACE8-4AFE8E4614DD}.Release|x86.Build.0 = Release|Win32
		{8B04D8F2-6039-407E-8591-FC2E5DCF9160}.Debug|x64.ActiveCfg = Debug|x64
		{8B04D8F2-6039-407E-8591-FC2E5DCF9160}.Debug|x64.Build.0 = Debug|x64
		{8B04D8F2-6039-407E-8591-FC2E5DCF9160}.Debug|x86.ActiveCfg = Debug|Win32
		{8B04D8F2-6039-407E-8591-FC2E5DCF9160}.Debug|x86.Build.0 = Debug|Win32
		{8B04D8F2-6039-407E-8591-FC2E5DCF9160}.Release|x64.ActiveCfg = Release|x64
		{8B04D8F2-6039-407E-8591-FC2E5DCF9160}.Release|x64.Build.0 = Release|x64
		{8B04D8F2-6039-407E-8591-FC2E5DCF9160}.Release|x86.ActiveCfg = Release|Win32
		{8B04D8F2-6039-407E-8591-FC2E5DCF9160}.Release|x86.Build.0 = Release|Win32
		{008F08D1-2AC6-4E8C-90D9-A2CE57E19BF6}.Debug|x64.ActiveCfg = Debug|x64
		{008F08D1-2AC6-4E8C-90D9-A2CE57E19BF6}.Debug|x64.Build.0 = Debug|x64
		{008F08D1-2AC6-4E8C-90D9-A2CE57E19BF6}.Debug|x86.ActiveCfg = Debug|Win32
		{008F08D1-2AC6-4E8C-90D9-A2CE57E19BF6}.Debug|x86.Build.0 = Debug|Win32
		{008F08D1-2AC6-4E8C-90D9-A2CE57E19BF6}.Release|x64.ActiveCfg = Release|x64
		{008F08D1-2AC6-4E8C-90D9-A2CE57E19BF6}.Release|x64.Build.0 = Release|x64
		{008F08D1-2AC6-4E8C-90D9-A2CE57E19BF6}.Release|x86.ActiveCfg = Release|Win32
		{008F08D1-2AC6-4E8C-90D9-A2CE57E19BF6}.Release|x86.Build.0 = Release|Win32
		{DD971388-5B02-437D-A1C2-E25569716841}.Debug|x64.ActiveCfg = Debug|x64
		{DD971388-5B02-437D-A1C2-E25569716841}.Debug|x64.Build.0 = Debug|x64
		{DD971388-5B02-437D-A1C2-E25569716841}.Debug|x86.ActiveCfg = Debug|Win32
		{DD971388-5B02-437D-A1C2-E25569716841}.Debug|x86.Build.0 = Debug|Win32
		{DD971388-5B02-437D-A1C2-E25569716841}.Release|x64.ActiveCfg = Release|x64
		{DD971388-5B02-437D-A1C2-E25569716841}.Release|x64.Build.0 = Release|x64
		{DD971388-5B02-437D-A1C2-E25569716841}.Release|x86.ActiveCfg = Release|Win32
		{DD971388-5B02-437D-A1C2-E25569716841}.Release|x86.Build.0 = Release|Win32
		{205F001E-9E46-41C3-95AD-C0962502E002}.Debug|x64.ActiveCfg = Debug|x64
		{205F001E-9E46-41C3-95AD-C0962502E002}.Debug|x64.Build.0 = Debug|x64
		{205F001E-9E46-41C3-95AD-C0962502E002}.Debug|x86.ActiveCfg = Debug|Win32
		{205F001E-9E46-41C3-95AD-C0962502E002}.Debug|x86.Build.0 = Debug|Win32
		{205F001E-9E46-41C3-95AD-C0962502E002}.Release|x64.ActiveCfg = Release|x64
		{205F001E-9E46-41C3-95AD-C0962502E002}.Release|x64.Build.0 = Release|x64
		{205F001E-9E46-41C3-95AD-C0962502E002}.Release|x86.ActiveCfg = Release|Win32
		{205F001E-9E46-41C3-95AD-C0962502E002}.Release|x86.Build.0 = Release|Win32
		{31C1400C-47F8-4C0E-BA8E-151385598358}.Debug|x64.ActiveCfg = Debug|x64
		{31C1400C-47F8-4C0E-BA8E-151385598358}.Debug|x64.Build.0 = Debug|x64
		{31C1400C-47F8-4C0E-BA8E-151385598358}.Debug|x86.ActiveCfg = Debug|Win32
		{31C1400C-47F8-4C0E-BA8E-151385598358}.Debug|x86.Build.0 = Debug|Win32
		{31C1400C-47F8-4C0E-BA8E-151385598358}.Release|x64.ActiveCfg = Release|x64
		{31C1400C-47F8-4C0E-BA8E-151385598358}.Release|x64.Build.0 = Release|x64
		{31C1400C-47F8-4C0E-BA8E-151385598358}.Release|x86.ActiveCfg = Release|Win32
		{31C1400C-47F8-4C0E-BA8E-151385598358}.Release|x86.Build.0 = Release|Win32
		{59CCE440-2E08-4D53-BA6D-228777F5EC59}.Debug|x64.ActiveCfg = Debug|x64
		{59CCE440-2E08-4D53-BA6D-228777F5EC59}.Debug|x64.Build.0 = Debug|x64
		{59CCE440-2E08-4D53-BA6D-228777F5EC59}.Debug|x86.ActiveCfg = Debug|Win32
		{59CCE440-2E08-4D53-BA6D-228777F5EC59}.Debug|x86.Build.0 = Debug|Win32
		{59CCE440-2E08-4D53-BA6D-228777F5EC59}.Release|x64.ActiveCfg = Release|x64
		{59CCE440-2E08-4D53-BA6D-228777F5EC59}.Release|x64.Build.0 = Release|x64
		{59CCE440-2E08-4D53-BA6D-228777F5EC59}.Release|x86.ActiveCfg = Release|Win32
		{59CCE440-2E08-4D53-BA6D-228777F5EC59}.Release|x86.Build.0 = Release|Win32
		{8798F02A-8E18-4687-BA8E-1C92EA96E0B8}.Debug|x64.ActiveCfg = Debug|x64
		{8798F02A-8E18-4687-BA8E-1C92EA96E0B8}.Debug|x64.Build.0 = Debug|x64
		{8798F02A-8E18-4687-BA8E-1C92EA96E0B8}.Debug|x86.ActiveCfg = Debug|Win32
		{8798F02A-8E18-4687-BA8E-1C92EA96E0B8}.Debug|x86.Build.0 = Debug|Win32
		{8798F02A-8E18-4687-BA8E-1C92EA96E0B8}.Release|x64.ActiveCfg = Release|x64
		{8798F02A-8E18-4687-BA8E-1C92EA96E0B8}.Release|x64.Build.0 = Release|x64
		{8798F02A-8E18-4687-BA8E-1C92EA96E0B8}.Release|x86.ActiveCfg = Release|Win32
		{8798F02A-8E18-4687-BA8E-1C92EA96E0B8}.Release|x86.Build.0 = Release|Win32
		{00EC6426-5693-4016-A2D0-3939F68BA0CB}.Debug|x64.ActiveCfg = Debug|x64
		{00EC6426-5693-4016-A2D0-3939F68BA0CB}.Debug|x64.Build.0 = Debug|x64
		{00EC6426-5693-4016-A2D0-3939F68BA0CB}.Debug|x86.ActiveCfg = Debug|Win32
		{00EC6426-5693-4016-A2D0-3939F68BA0CB}.Debug|x86.Build.0 = Debug|Win32
		{00EC6426-5693-4016-A2D0-3939F68BA0CB}.Release|x64.ActiveCfg = Release|x64
		{00EC6426-5693-4016-A2D0-3939F68BA0CB}.Release|x64.Build.0 = Release|x64
		{00EC6426-5693-4016-A2D0-3939F68BA0CB}.Release|x86.ActiveCfg = Release|Win32
		{00EC6426-5693-4016-A2D0-3939F68BA0CB}.Release|x86.Build.0 = Release|Win32
		{72DF65EA-8133-4475-BEEA-538933D7730F}.Debug|x64.ActiveCfg = Debug|x64
		{72DF65EA-8133-4475-BEEA-538933D7730F}.Debug|x64.Build.0 = Debug|x64
		{72DF65EA-8133-4475-BEEA-538933D7730F}.Debug|x86.ActiveCfg = Debug|Win32
		{72DF65EA-8133-4475-BEEA-538933D7730F}.Debug|x86.Build.0 = Debug|Win32
		{72DF65EA-8133-4475-BEEA-538933D7730F}.Release|x64.ActiveCfg = Release|x64
		{72DF65EA-8133-4475-BEEA-538933D7730F}.Release|x64.Build.0 = Release|x64
		{72DF65EA-8133-4475-BEEA-538933D7730F}.Release|x86.ActiveCfg = Release|Win32
		{72DF65EA-8133-4475-BEEA-538933D7730F}.Release|x86.Build.0 = Release|Win32
		{97E5B7B5-D297-4B87-8893-5A4297943A27}.Debug|x64.ActiveCfg = Debug|x64
		{97E5B7B5-D297-4B87-8893-5A4297943A27}.Debug|x64.Build.0 = Debug|x64
		{97E5B7B5-D297-4B87-8893-5A4297943A27}.Debug|x86.ActiveCfg = Debug|Win32
		{97E5B7B5-D297-4B87-8893-5A4297943A27}.Debug|x86.Build.0 = Debug|Win32
		{97E5B7B5-D297-4B87-8893-5A4297943A27}.Release|x64.ActiveCfg = Release|x64
		{97E5B7B5-D297-4B87-8893-5A4297943A27}.Release|x64.Build.0 = Release|x64
		{97E5B7B5-D297-4B87-8893-5A4297943A27}.Release|x86.ActiveCfg = Release|Win32
		{97E5B7B5-D297-4B87-8893-5A4297943A27}.Release|x86.Build.0 = Release|Win32
		{C8473D6C-D68E-481B-AA9A-38F53476A695}.Debug|x64.ActiveCfg = Debug|x64
		{C8473D6C-D68E-481B-AA9A-38F53476A695}.Debug|x64.Build.0 = Debug|x64
		{C8473D6C-D68E-481B-AA9A-38F53476A695}.Debug|x86.ActiveCfg = Debug|Win32
		{C8473D6C-D68E-481B-AA9A-38F53476A695}.Debug|x86.Build.0 = Debug|Win32
		{C8473D6C-D68E-481B-AA9A-38F53476A695}.Release|x64.ActiveCfg = Release|x64
		{C8473D6C-D68E-481B-AA9A-38F53476A695}.Release|x64.Build.0 = Release|x64
		{C8473D6C-D68E-481B-AA9A-38F53476A695}.Release|x86.ActiveCfg = Release|Win32
		{C8473D6C-D68E-481B-AA9A-38F53476A695}.Release|x86.Build.0 = Release|Win32
		{09D9F72B-D631-4876-9C5D-A50DC6FE4AD5}.Debug|x64.ActiveCfg = Debug|x64
		{09D9F72B-D631-4876-9C5D-A50DC6FE4AD5}.Debug|x64.Build.0 = Debug|x64
		{09D9F72B-D631-4876-9C5D-A50DC6FE4AD5}.Debug|x86.ActiveCfg = Debug|Win32
		{09D9F72B-D631-4876-9C5D-A50DC6FE4AD5}.Debug|x86.Build.0 = Debug|Win32
		{09D9F72B-D631-4876-9C5D-A50DC6FE4AD5}.Release|x64.ActiveCfg = Release|x64
		{09D9F72B-D631-4876-9C5D-A50DC6FE4AD5}.Release|x64.Build.0 = Release|x64
		{09D9F72B-D631-4876-9C5D-A50DC6FE4AD5}.Release|x86.ActiveCfg = Release|Win32
		{09D9F72B-D631-4876-9C5D-A50DC6FE4AD5}.Release|x86.Build.0 = Release|Win32
		{273550CA-7E9D-4738-9EB8-B9C3867BB2DB}.Debug|x64.ActiveCfg = Debug|x64
		{273550CA-7E9D-4738-9EB8-B9C3867BB2DB}.Debug|x64.Build.0 = Debug|x64
		{273550CA-7E9D-4738-9EB8-B9C3867BB2DB}.Debug|x86.ActiveCfg = Debug|Win32
		{273550CA-7E9D-4738-9EB8-B9C3867BB2DB}.Debug|x86.Build.0 = Debug|Win32
		{273550CA-7E9D-4738-9EB8-B9C3867BB2DB}.Release|x64.ActiveCfg = Release|x64
		{273550CA-7E9D-4738-9EB8-B9C3867BB2DB}.Release|x64.Build.0 = Release|x64
		{273550CA-7E9D-4738-9EB8-B9C3867BB2DB}.Release|x86.ActiveCfg = Release|Win32
		{273550CA-7E9D-4738-9EB8-B9C3867BB2DB}.Release|x86.Build.0 = Release|Win32
	EndGlobalSection
	GlobalSection(SolutionProperties) = preSolution
		HideSolutionNode = FALSE
	EndGlobalSection
	GlobalSection(NestedProjects) = preSolution
		{47279CB5-9425-4D7E-856F-A9EF35F677E3} = {66AE2FCB-F058-46A9-8269-945F5589E05A}
		{A3300035-3192-49CC-9263-78FA1C00FE25} = {66AE2FCB-F058-46A9-8269-945F5589E05A}
		{ABD4A578-7264-49D6-AD29-8EBE96FC489C} = {66AE2FCB-F058-46A9-8269-945F5589E05A}
		{98EE58FD-7F05-4F42-B0F7-F57664E2518E} = {66AE2FCB-F058-46A9-8269-945F5589E05A}
		{816E001E-B0EF-41F6-9DFE-16D5B3ED9B6D} = {66AE2FCB-F058-46A9-8269-945F5589E05A}
		{DF011FF5-BE04-4AD0-9062-E235B18A1776} = {66AE2FCB-F058-46A9-8269-945F5589E05A}
		{56F59D13-EA56-477E-8BFF-7A97638BABEC} = {66AE2FCB-F058-46A9-8269-945F5589E05A}
		{86C6E21D-C25E-494C-8CA2-7D7DD9A51B76} = {66AE2FCB-F058-46A9-8269-945F5589E05A}
		{A8E77204-A429-45B1-8875-69431A5E4F3D} = {66AE2FCB-F058-46A9-8269-945F5589E05A}
		{895AED3C-6566-4CED-8AED-D568CC6FD7BB} = {66AE2FCB-F058-46A9-8269-945F5589E05A}
		{BFCDED49-929E-440A-8107-E11F524CF5D5} = {66AE2FCB-F058-46A9-8269-945F5589E05A}
		{FD413FC2-D233-4FF5-B1DC-E6A1124478D2} = {66AE2FCB-F058-46A9-8269-945F5589E05A}
		{C810B601-6BF1-46C6-B931-BD7343802EB9} = {66AE2FCB-F058-46A9-8269-945F5589E05A}
		{BE619B14-52A7-44B9-80A8-6CD1A1A28A16} = {28353D01-0964-4FAC-A6FE-60AB42D9C901}
		{8E86A04A-B9FD-494A-AE41-270FAF99FAF4} = {28353D01-0964-4FAC-A6FE-60AB42D9C901}
		{D50DC05D-7544-4287-9E4C-CB97088E9B4C} = {28353D01-0964-4FAC-A6FE-60AB42D9C901}
		{DD9148C4-F62F-469B-8E34-14EB3EE5C32D} = {28353D01-0964-4FAC-A6FE-60AB42D9C901}
		{8019F094-6CC6-4DCF-878B-912E68A278B5} = {28353D01-0964-4FAC-A6FE-60AB42D9C901}
		{8AE42724-A746-41F2-8010-3E338E7581B6} = {28353D01-0964-4FAC-A6FE-60AB42D9C901}
		{E7016431-89E3-4070-834E-DB2BF996E9AE} = {28353D01-0964-4FAC-A6FE-60AB42D9C901}
		{2389157B-116F-48C0-899D-BC31EA347162} = {28353D01-0964-4FAC-A6FE-60AB42D9C901}
		{C6C5D9ED-2B9B-48E5-8D41-F34CB9D37366} = {28353D01-0964-4FAC-A6FE-60AB42D9C901}
		{8EBB072B-9709-4528-BA69-4014281303D9} = {28353D01-0964-4FAC-A6FE-60AB42D9C901}
		{256881B0-ACF8-4FE9-BBCE-C164AE39E3EC} = {28353D01-0964-4FAC-A6FE-60AB42D9C901}
		{2E3B15F8-1378-4271-ACE8-4AFE8E4614DD} = {28353D01-0964-4FAC-A6FE-60AB42D9C901}
		{8B04D8F2-6039-407E-8591-FC2E5DCF9160} = {28353D01-0964-4FAC-A6FE-60AB42D9C901}
		{008F08D1-2AC6-4E8C-90D9-A2CE57E19BF6} = {28353D01-0964-4FAC-A6FE-60AB42D9C901}
		{DD971388-5B02-437D-A1C2-E25569716841} = {28353D01-0964-4FAC-A6FE-60AB42D9C901}
		{205F001E-9E46-41C3-95AD-C0962502E002} = {28353D01-0964-4FAC-A6FE-60AB42D9C901}
		{31C1400C-47F8-4C0E-BA8E-151385598358} = {28353D01-0964-4FAC-A6FE-60AB42D9C901}
		{59CCE440-2E08-4D53-BA6D-228777F5EC59} = {28353D01-0964-4FAC-A6FE-60AB42D9C901}
		{8798F02A-8E18-4687-BA8E-1C92EA96E0B8} = {28353D01-0964-4FAC-A6FE-60AB42D9C901}
		{00EC6426-5693-4016-A2D0-3939F68BA0CB} = {28353D01-0964-4FAC-A6FE-60AB42D9C901}
		{72DF65EA-8133-4475-BEEA-538933D7730F} = {28353D01-0964-4FAC-A6FE-60AB42D9C901}
		{97E5B7B5-D297-4B87-8893-5A4297943A27} = {28353D01-0964-4FAC-A6FE-60AB42D9C901}
		{C8473D6C-D68E-481B-AA9A-38F53476A695} = {28353D01-0964-4FAC-A6FE-60AB42D9C901}
		{09D9F72B-D631-4876-9C5D-A50DC6FE4AD5} = {28353D01-0964-4FAC-A6FE-60AB42D9C901}
		{273550CA-7E9D-4738-9EB8-B9C3867BB2DB} = {28353D01-0964-4FAC-A6FE-60AB42D9C901}
	EndGlobalSection
	GlobalSection(ExtensibilityGlobals) = postSolution
		SolutionGuid = {D09F221E-0F36-40B1-9E5D-62D0ABF85BC9}
	EndGlobalSection
EndGlobal
